
Microsoft Visual Studio Solution File, Format Version 12.00
# Visual Studio Version 17
VisualStudioVersion = 17.12.35527.113
MinimumVisualStudioVersion = 10.0.40219.1
Project("{FAE04EC0-301F-11D3-BF4B-00C04F79EFBC}") = "Mentor", "Mentor\Mentor.csproj", "{65053350-96D4-4918-88FD-F61E3EC1CD49}"
EndProject
Project("{FAE04EC0-301F-11D3-BF4B-00C04F79EFBC}") = "MentorUi", "MentorUi\MentorUi.csproj", "{47504A2B-7233-448A-B450-2A13F9CD61FE}"
EndProject
Global
	GlobalSection(SolutionConfigurationPlatforms) = preSolution
		Debug|Any CPU = Debug|Any CPU
		Release|Any CPU = Release|Any CPU
	EndGlobalSection
	GlobalSection(ProjectConfigurationPlatforms) = postSolution
		{65053350-96D4-4918-88FD-F61E3EC1CD49}.Debug|Any CPU.ActiveCfg = Debug|Any CPU
		{65053350-96D4-4918-88FD-F61E3EC1CD49}.Debug|Any CPU.Build.0 = Debug|Any CPU
		{65053350-96D4-4918-88FD-F61E3EC1CD49}.Release|Any CPU.ActiveCfg = Release|Any CPU
		{65053350-96D4-4918-88FD-F61E3EC1CD49}.Release|Any CPU.Build.0 = Release|Any CPU
		{47504A2B-7233-448A-B450-2A13F9CD61FE}.Debug|Any CPU.ActiveCfg = Debug|Any CPU
		{47504A2B-7233-448A-B450-2A13F9CD61FE}.Debug|Any CPU.Build.0 = Debug|Any CPU
		{47504A2B-7233-448A-B450-2A13F9CD61FE}.Release|Any CPU.ActiveCfg = Release|Any CPU
		{47504A2B-7233-448A-B450-2A13F9CD61FE}.Release|Any CPU.Build.0 = Release|Any CPU
	EndGlobalSection
	GlobalSection(SolutionProperties) = preSolution
		HideSolutionNode = FALSE
	EndGlobalSection
EndGlobal
